<?xml version="1.0" encoding="utf-8"?>
<Project ToolsVersion="4.0" xmlns="http://schemas.microsoft.com/developer/msbuild/2003">
  <ItemGroup>
    <ClCompile Include="TelaCriarBuraco.cpp" />
    <ClCompile Include="TelaListaOS.cpp" />
    <ClCompile Include="TelaListaOSGestor.cpp" />
    <ClCompile Include="TelaLogin.cpp" />
    <ClCompile Include="TelaRealizacaoOS.cpp" />
    <ClCompile Include="TelaAdicionarNovoMaterial.cpp" />
    <ClCompile Include="MenuAcessoriaDeComunicação.cpp" />
    <ClCompile Include="MenuDespachador.cpp" />
    <ClCompile Include="MenuEncarregadoDaObra.cpp" />
    <ClCompile Include="MenuGestor.cpp" />
    <ClCompile Include="TelaAdicionarNovaEquipe.cpp" />
    <ClCompile Include="TelaAdicionarNovoEquipamento.cpp" />
    <ClCompile Include="TelaAlterarEquipamento.cpp" />
    <ClCompile Include="TelaAlterarEquipe.cpp" />
    <ClCompile Include="TelaAlterarMaterial.cpp" />
    <ClCompile Include="TelaAlterarSenha.cpp" />
    <ClCompile Include="TelaAlterarUsername.cpp" />
    <ClCompile Include="TelaInfraestrutura.cpp" />
    <ClCompile Include="TelaHistóricoDePagamentos.cpp" />
    <ClCompile Include="TelaHistóricoDeSaídas.cpp" />
    <ClCompile Include="TelaEmitirRelatorio.cpp" />
    <ClCompile Include="TelaFormulacaoDePlanoDeSaida.cpp" />
    <ClCompile Include="TelaListaDeBuracos.cpp" />
    <ClCompile Include="dao\MySQLDAO.cpp">
      <Filter>dao</Filter>
    </ClCompile>
  </ItemGroup>
  <ItemGroup>
    <ClInclude Include="TelaCriarBuraco.h" />
    <ClInclude Include="TelaListaOS.h" />
    <ClInclude Include="TelaListaOSGestor.h" />
    <ClInclude Include="TelaLogin.h" />
    <ClInclude Include="TelaRealizacaoOS.h" />
    <ClInclude Include="TelaAdicionarNovoMaterial.h" />
    <ClInclude Include="MenuAcessoriaDeComunicação.h" />
    <ClInclude Include="MenuDespachador.h" />
    <ClInclude Include="MenuEncarregadoDaObra.h" />
    <ClInclude Include="MenuGestor.h" />
    <ClInclude Include="TelaAdicionarNovaEquipe.h" />
    <ClInclude Include="TelaAdicionarNovoEquipamento.h" />
    <ClInclude Include="TelaAlterarEquipamento.h" />
    <ClInclude Include="TelaAlterarEquipe.h" />
    <ClInclude Include="TelaAlterarMaterial.h" />
    <ClInclude Include="TelaAlterarSenha.h" />
    <ClInclude Include="TelaAlterarUsername.h" />
    <ClInclude Include="TelaInfraestrutura.h" />
    <ClInclude Include="TelaHistóricoDePagamentos.h" />
    <ClInclude Include="TelaHistóricoDeSaídas.h" />
    <ClInclude Include="TelaEmitirRelatorio.h" />
    <ClInclude Include="TelaFormulacaoDePlanoDeSaida.h" />
    <ClInclude Include="TelaListaDeBuracos.h" />
    <ClInclude Include="dao\MySQLDAO.h">
      <Filter>dao</Filter>
    </ClInclude>
  </ItemGroup>
  <ItemGroup>
    <EmbeddedResource Include="TelaCriarBuraco.resx" />
    <EmbeddedResource Include="TelaListaOS.resx" />
    <EmbeddedResource Include="TelaListaOSGestor.resx" />
    <EmbeddedResource Include="TelaRealizacaoOS.resx" />
    <EmbeddedResource Include="TelaLogin.resx" />
    <EmbeddedResource Include="MenuAcessoriaDeComunicação.resx" />
    <EmbeddedResource Include="MenuDespachador.resx" />
    <EmbeddedResource Include="MenuEncarregadoDaObra.resx" />
    <EmbeddedResource Include="MenuGestor.resx" />
    <EmbeddedResource Include="TelaAdicionarNovaEquipe.resx" />
    <EmbeddedResource Include="TelaAdicionarNovoEquipamento.resx" />
    <EmbeddedResource Include="TelaAdicionarNovoMaterial.resx" />
    <EmbeddedResource Include="TelaAlterarEquipamento.resx" />
    <EmbeddedResource Include="TelaAlterarEquipe.resx" />
    <EmbeddedResource Include="TelaAlterarMaterial.resx" />
    <EmbeddedResource Include="TelaAlterarSenha.resx" />
    <EmbeddedResource Include="TelaAlterarUsername.resx" />
    <EmbeddedResource Include="TelaInfraestrutura.resx" />
    <EmbeddedResource Include="TelaHistóricoDePagamentos.resx" />
    <EmbeddedResource Include="TelaHistóricoDeSaídas.resx" />
    <EmbeddedResource Include="TelaEmitirRelatorio.resx" />
    <EmbeddedResource Include="TelaFormulacaoDePlanoDeSaida.resx" />
    <EmbeddedResource Include="TelaListaDeBuracos.resx" />
  </ItemGroup>
  <ItemGroup>
    <Filter Include="dao">
      <UniqueIdentifier>{1af7f730-6e87-4d01-bbaf-106b97d81000}</UniqueIdentifier>
    </Filter>
  </ItemGroup>
</Project>