<?xml version="1.0" encoding="utf-8"?>
<Project ToolsVersion="4.0" xmlns="http://schemas.microsoft.com/developer/msbuild/2003">
  <ItemGroup>
    <Filter Include="Source Files">
      <UniqueIdentifier>{4FC737F1-C7A5-4376-A066-2A32D752A2FF}</UniqueIdentifier>
      <Extensions>cpp;c;cc;cxx;def;odl;idl;hpj;bat;asm;asmx</Extensions>
    </Filter>
    <Filter Include="Header Files">
      <UniqueIdentifier>{93995380-89BD-4b04-88EB-625FBE52EBFB}</UniqueIdentifier>
      <Extensions>h;hh;hpp;hxx;hm;inl;inc;ipp;xsd</Extensions>
    </Filter>
    <Filter Include="Resource Files">
      <UniqueIdentifier>{67DA6AB6-F800-4c08-8B7A-83BB121AAD01}</UniqueIdentifier>
      <Extensions>rc;ico;cur;bmp;dlg;rc2;rct;bin;rgs;gif;jpg;jpeg;jpe;resx;tiff;tif;png;wav;mfcribbon-ms</Extensions>
    </Filter>
  </ItemGroup>
  <ItemGroup>
    <ClCompile Include="TelaCriarBuraco.cpp">
      <Filter>Source Files</Filter>
    </ClCompile>
    <ClCompile Include="TelaListaOS.cpp">
      <Filter>Source Files</Filter>
    </ClCompile>
    <ClCompile Include="TelaLogin.cpp">
      <Filter>Source Files</Filter>
    </ClCompile>
    <ClCompile Include="TelaRealizacaoOS.cpp">
      <Filter>Source Files</Filter>
    </ClCompile>
    <ClCompile Include="ListaDeBuracos.cpp">
      <Filter>Source Files</Filter>
    </ClCompile>
    <ClCompile Include="FormulacaoDePlanoDeSaida.cpp">
      <Filter>Source Files</Filter>
    </ClCompile>
    <ClCompile Include="EmitirRelatorio.cpp">
      <Filter>Source Files</Filter>
    </ClCompile>
  </ItemGroup>
  <ItemGroup>
    <ClInclude Include="TelaCriarBuraco.h">
      <Filter>Header Files</Filter>
    </ClInclude>
    <ClInclude Include="TelaListaOS.h">
      <Filter>Header Files</Filter>
    </ClInclude>
    <ClInclude Include="TelaLogin.h">
      <Filter>Header Files</Filter>
    </ClInclude>
    <ClInclude Include="TelaRealizacaoOS.h">
      <Filter>Header Files</Filter>
    </ClInclude>
    <ClInclude Include="ListaDeBuracos.h">
      <Filter>Header Files</Filter>
    </ClInclude>
    <ClInclude Include="FormulacaoDePlanoDeSaida.h">
      <Filter>Header Files</Filter>
    </ClInclude>
    <ClInclude Include="EmitirRelatorio.h">
      <Filter>Header Files</Filter>
    </ClInclude>
  </ItemGroup>
  <ItemGroup>
    <EmbeddedResource Include="TelaCriarBuraco.resx">
      <Filter>Resource Files</Filter>
    </EmbeddedResource>
    <EmbeddedResource Include="TelaListaOS.resx">
      <Filter>Resource Files</Filter>
    </EmbeddedResource>
    <EmbeddedResource Include="TelaLogin.resx">
      <Filter>Resource Files</Filter>
    </EmbeddedResource>
    <EmbeddedResource Include="TelaRealizacaoOS.resx">
      <Filter>Resource Files</Filter>
    </EmbeddedResource>
    <EmbeddedResource Include="FormulacaoDePlanoDeSaida.resx">
      <Filter>Resource Files</Filter>
    </EmbeddedResource>
    <EmbeddedResource Include="ListaDeBuracos.resx">
      <Filter>Resource Files</Filter>
    </EmbeddedResource>
  </ItemGroup>
</Project>